<?xml version="1.0" encoding="utf-8"?>
<Project ToolsVersion="4.0" xmlns="http://schemas.microsoft.com/developer/msbuild/2003">
  <ItemGroup>
    <ClCompile Include="src\cas_gums.cpp" />
    <ClCompile Include="src\cls_account.cpp" />
    <ClCompile Include="src\cls_client.cpp" />
    <ClCompile Include="src\cls_server.cpp" />
    <ClCompile Include="src\cls_sqlthread.cpp" />
    <ClCompile Include="src\main.cpp" />
    <ClCompile Include="src\sho_ls_lib.cpp" />
  </ItemGroup>
  <ItemGroup>
    <ClInclude Include="src\cas_gums.h" />
    <ClInclude Include="src\cls_account.h" />
    <ClInclude Include="src\cls_api.h" />
    <ClInclude Include="src\cls_client.h" />
    <ClInclude Include="src\cls_server.h" />
    <ClInclude Include="src\cls_sqlthread.h" />
    <ClInclude Include="src\sho_lis_lib.h" />
    <ClInclude Include="src\stdafx.h" />
  </ItemGroup>
</Project>