<?xml version="1.0" encoding="utf-8"?>
<Project ToolsVersion="4.0" xmlns="http://schemas.microsoft.com/developer/msbuild/2003">
  <ItemGroup>
    <Filter Include="Source Files">
      <UniqueIdentifier>{3a2062b7-82ad-4eae-9a7b-4f13143f27a7}</UniqueIdentifier>
      <Extensions>cpp;c;cxx;rc;def;r;odl;idl;hpj;bat</Extensions>
    </Filter>
    <Filter Include="Source Files\common">
      <UniqueIdentifier>{b602e551-2ed1-488e-831a-c213b987f2a0}</UniqueIdentifier>
    </Filter>
    <Filter Include="Source Files\ai_lib">
      <UniqueIdentifier>{dcc9d340-6e43-486a-b257-d2ade5ed9112}</UniqueIdentifier>
    </Filter>
    <Filter Include="Source Files\srv_common">
      <UniqueIdentifier>{e999b3a5-3a8d-4d74-9142-d123496bdb59}</UniqueIdentifier>
    </Filter>
    <Filter Include="Common Files">
      <UniqueIdentifier>{7eabf9b3-d7a3-48d7-86c1-949c1f175030}</UniqueIdentifier>
    </Filter>
  </ItemGroup>
  <ItemGroup>
    <ClInclude Include="src\cchardata.h">
      <Filter>Source Files</Filter>
    </ClInclude>
    <ClInclude Include="src\cchatroom.h">
      <Filter>Source Files</Filter>
    </ClInclude>
    <ClInclude Include="src\cgameobj.h">
      <Filter>Source Files</Filter>
    </ClInclude>
    <ClInclude Include="src\cobjavt.h">
      <Filter>Source Files</Filter>
    </ClInclude>
    <ClInclude Include="src\cobjchar.h">
      <Filter>Source Files</Filter>
    </ClInclude>
    <ClInclude Include="src\cobjevent.h">
      <Filter>Source Files</Filter>
    </ClInclude>
    <ClInclude Include="src\cobjitem.h">
      <Filter>Source Files</Filter>
    </ClInclude>
    <ClInclude Include="src\cobjnpc.h">
      <Filter>Source Files</Filter>
    </ClInclude>
    <ClInclude Include="src\def_stb.h">
      <Filter>Source Files</Filter>
    </ClInclude>
    <ClInclude Include="src\etc_math.h">
      <Filter>Source Files</Filter>
    </ClInclude>
    <ClInclude Include="src\gs_listuser.h">
      <Filter>Source Files</Filter>
    </ClInclude>
    <ClInclude Include="src\gs_party.h">
      <Filter>Source Files</Filter>
    </ClInclude>
    <ClInclude Include="src\gs_socketlsv.h">
      <Filter>Source Files</Filter>
    </ClInclude>
    <ClInclude Include="src\gs_threadlog.h">
      <Filter>Source Files</Filter>
    </ClInclude>
    <ClInclude Include="src\gs_threadsql.h">
      <Filter>Source Files</Filter>
    </ClInclude>
    <ClInclude Include="src\gs_threadzone.h">
      <Filter>Source Files</Filter>
    </ClInclude>
    <ClInclude Include="src\gs_user.h">
      <Filter>Source Files</Filter>
    </ClInclude>
    <ClInclude Include="src\lib_gsmain.h">
      <Filter>Source Files</Filter>
    </ClInclude>
    <ClInclude Include="src\md5.h">
      <Filter>Source Files</Filter>
    </ClInclude>
    <ClInclude Include="src\object.h">
      <Filter>Source Files</Filter>
    </ClInclude>
    <ClInclude Include="src\stdafx.h">
      <Filter>Source Files</Filter>
    </ClInclude>
    <ClInclude Include="src\zonefile.h">
      <Filter>Source Files</Filter>
    </ClInclude>
    <ClInclude Include="src\zonelist.h">
      <Filter>Source Files</Filter>
    </ClInclude>
    <ClInclude Include="src\zonesector.h">
      <Filter>Source Files</Filter>
    </ClInclude>
    <ClInclude Include="src\common\ceconomy.h">
      <Filter>Source Files\common</Filter>
    </ClInclude>
    <ClInclude Include="src\common\choticon.h">
      <Filter>Source Files\common</Filter>
    </ClInclude>
    <ClInclude Include="src\common\cinventory.h">
      <Filter>Source Files\common</Filter>
    </ClInclude>
    <ClInclude Include="src\common\citem.h">
      <Filter>Source Files\common</Filter>
    </ClInclude>
    <ClInclude Include="src\common\cobjai.h">
      <Filter>Source Files\common</Filter>
    </ClInclude>
    <ClInclude Include="src\common\cquest.h">
      <Filter>Source Files\common</Filter>
    </ClInclude>
    <ClInclude Include="src\common\cregenarea.h">
      <Filter>Source Files\common</Filter>
    </ClInclude>
    <ClInclude Include="src\common\cuserdata.h">
      <Filter>Source Files\common</Filter>
    </ClInclude>
    <ClInclude Include="src\common\datatype.h">
      <Filter>Source Files\common</Filter>
    </ClInclude>
    <ClInclude Include="src\common\io_ai.h">
      <Filter>Source Files\common</Filter>
    </ClInclude>
    <ClInclude Include="src\common\io_motion.h">
      <Filter>Source Files\common</Filter>
    </ClInclude>
    <ClInclude Include="src\common\io_pat.h">
      <Filter>Source Files\common</Filter>
    </ClInclude>
    <ClInclude Include="src\common\io_quest.h">
      <Filter>Source Files\common</Filter>
    </ClInclude>
    <ClInclude Include="src\common\io_skill.h">
      <Filter>Source Files\common</Filter>
    </ClInclude>
    <ClInclude Include="src\common\io_stb.h">
      <Filter>Source Files\common</Filter>
    </ClInclude>
    <ClInclude Include="src\ai_lib\cai_file.h">
      <Filter>Source Files\ai_lib</Filter>
    </ClInclude>
    <ClInclude Include="src\ai_lib\cai_lib.h">
      <Filter>Source Files\ai_lib</Filter>
    </ClInclude>
    <ClInclude Include="src\srv_common\cchatroom.h">
      <Filter>Source Files\srv_common</Filter>
    </ClInclude>
    <ClInclude Include="src\srv_common\cobjvar.h">
      <Filter>Source Files\srv_common</Filter>
    </ClInclude>
    <ClInclude Include="src\srv_common\cthreadlog.h">
      <Filter>Source Files\srv_common</Filter>
    </ClInclude>
    <ClInclude Include="..\common\include\rose\common\rosenext_config.h">
      <Filter>Common Files</Filter>
    </ClInclude>
    <ClInclude Include="..\common\net_prototype.h">
      <Filter>Common Files</Filter>
    </ClInclude>
    <ClInclude Include="src\status_effects.h">
      <Filter>Source Files</Filter>
    </ClInclude>
    <ClInclude Include="..\common\calculation.h">
      <Filter>Common Files</Filter>
    </ClInclude>
    <ClInclude Include="..\common-server\include\cthreadguild.h">
      <Filter>Common Files</Filter>
    </ClInclude>
    <ClInclude Include="..\common-server\include\cthreadmsgr.h">
      <Filter>Common Files</Filter>
    </ClInclude>
  </ItemGroup>
  <ItemGroup>
    <ClCompile Include="src\cchardata.cpp">
      <Filter>Source Files</Filter>
    </ClCompile>
    <ClCompile Include="src\cchatroom.cpp">
      <Filter>Source Files</Filter>
    </ClCompile>
    <ClCompile Include="src\cgameobj.cpp">
      <Filter>Source Files</Filter>
    </ClCompile>
    <ClCompile Include="src\cheatcmd.cpp">
      <Filter>Source Files</Filter>
    </ClCompile>
    <ClCompile Include="src\cobjavt.cpp">
      <Filter>Source Files</Filter>
    </ClCompile>
    <ClCompile Include="src\cobjchar.cpp">
      <Filter>Source Files</Filter>
    </ClCompile>
    <ClCompile Include="src\cobjevent.cpp">
      <Filter>Source Files</Filter>
    </ClCompile>
    <ClCompile Include="src\cobjitem.cpp">
      <Filter>Source Files</Filter>
    </ClCompile>
    <ClCompile Include="src\cobjnpc.cpp">
      <Filter>Source Files</Filter>
    </ClCompile>
    <ClCompile Include="src\etc_math.cpp">
      <Filter>Source Files</Filter>
    </ClCompile>
    <ClCompile Include="src\gs_listuser.cpp">
      <Filter>Source Files</Filter>
    </ClCompile>
    <ClCompile Include="src\gs_party.cpp">
      <Filter>Source Files</Filter>
    </ClCompile>
    <ClCompile Include="src\gs_socketlsv.cpp">
      <Filter>Source Files</Filter>
    </ClCompile>
    <ClCompile Include="src\gs_threadlog.cpp">
      <Filter>Source Files</Filter>
    </ClCompile>
    <ClCompile Include="src\gs_threadsql.cpp">
      <Filter>Source Files</Filter>
    </ClCompile>
    <ClCompile Include="src\gs_threadzone.cpp">
      <Filter>Source Files</Filter>
    </ClCompile>
    <ClCompile Include="src\gs_user.cpp">
      <Filter>Source Files</Filter>
    </ClCompile>
    <ClCompile Include="src\lib_gsmain.cpp">
      <Filter>Source Files</Filter>
    </ClCompile>
    <ClCompile Include="src\md5.cpp">
      <Filter>Source Files</Filter>
    </ClCompile>
    <ClCompile Include="src\object.cpp">
      <Filter>Source Files</Filter>
    </ClCompile>
    <ClCompile Include="src\stdafx.cpp">
      <Filter>Source Files</Filter>
    </ClCompile>
    <ClCompile Include="src\zonefile.cpp">
      <Filter>Source Files</Filter>
    </ClCompile>
    <ClCompile Include="src\zonelist.cpp">
      <Filter>Source Files</Filter>
    </ClCompile>
    <ClCompile Include="src\zonesector.cpp">
      <Filter>Source Files</Filter>
    </ClCompile>
    <ClCompile Include="src\common\ceconomy.cpp">
      <Filter>Source Files\common</Filter>
    </ClCompile>
    <ClCompile Include="src\common\choticon.cpp">
      <Filter>Source Files\common</Filter>
    </ClCompile>
    <ClCompile Include="src\common\cinventory.cpp">
      <Filter>Source Files\common</Filter>
    </ClCompile>
    <ClCompile Include="src\common\citem.cpp">
      <Filter>Source Files\common</Filter>
    </ClCompile>
    <ClCompile Include="src\common\cobjai.cpp">
      <Filter>Source Files\common</Filter>
    </ClCompile>
    <ClCompile Include="src\common\cquest.cpp">
      <Filter>Source Files\common</Filter>
    </ClCompile>
    <ClCompile Include="src\common\cregenarea.cpp">
      <Filter>Source Files\common</Filter>
    </ClCompile>
    <ClCompile Include="src\common\cuserdata.cpp">
      <Filter>Source Files\common</Filter>
    </ClCompile>
    <ClCompile Include="src\common\io_ai.cpp">
      <Filter>Source Files\common</Filter>
    </ClCompile>
    <ClCompile Include="src\common\io_motion.cpp">
      <Filter>Source Files\common</Filter>
    </ClCompile>
    <ClCompile Include="src\common\io_pat.cpp">
      <Filter>Source Files\common</Filter>
    </ClCompile>
    <ClCompile Include="src\common\io_quest.cpp">
      <Filter>Source Files\common</Filter>
    </ClCompile>
    <ClCompile Include="src\common\io_skill.cpp">
      <Filter>Source Files\common</Filter>
    </ClCompile>
    <ClCompile Include="src\common\io_stb.cpp">
      <Filter>Source Files\common</Filter>
    </ClCompile>
    <ClCompile Include="src\ai_lib\ai_action.cpp">
      <Filter>Source Files\ai_lib</Filter>
    </ClCompile>
    <ClCompile Include="src\ai_lib\ai_condition.cpp">
      <Filter>Source Files\ai_lib</Filter>
    </ClCompile>
    <ClCompile Include="src\ai_lib\cai_file.cpp">
      <Filter>Source Files\ai_lib</Filter>
    </ClCompile>
    <ClCompile Include="src\srv_common\cchatroom.cpp">
      <Filter>Source Files\srv_common</Filter>
    </ClCompile>
    <ClCompile Include="src\srv_common\cthreadlog.cpp">
      <Filter>Source Files\srv_common</Filter>
    </ClCompile>
    <ClCompile Include="src\main.cpp" />
    <ClCompile Include="src\status_effects.cpp">
      <Filter>Source Files</Filter>
    </ClCompile>
    <ClCompile Include="..\common\calculation.cpp">
      <Filter>Common Files</Filter>
    </ClCompile>
    <ClCompile Include="..\common-server\src\cthreadguild.cpp">
      <Filter>Common Files</Filter>
    </ClCompile>
    <ClCompile Include="..\common-server\src\cthreadmsgr.cpp">
      <Filter>Common Files</Filter>
    </ClCompile>
  </ItemGroup>
</Project>